
Microsoft Visual Studio Solution File, Format Version 12.00
# Visual Studio Version 16
VisualStudioVersion = 16.0.30011.22
MinimumVisualStudioVersion = 10.0.40219.1
Project("{FAE04EC0-301F-11D3-BF4B-00C04F79EFBC}") = "ACH File Tester", "ACH File Tester\ACH File Tester.csproj", "{9739BF76-3334-429E-A588-C332C9DACA40}"
EndProject
Global
	GlobalSection(SolutionConfigurationPlatforms) = preSolution
		Debug|Any CPU = Debug|Any CPU
		Release|Any CPU = Release|Any CPU
	EndGlobalSection
	GlobalSection(ProjectConfigurationPlatforms) = postSolution
		{9739BF76-3334-429E-A588-C332C9DACA40}.Debug|Any CPU.ActiveCfg = Debug|Any CPU
		{9739BF76-3334-429E-A588-C332C9DACA40}.Debug|Any CPU.Build.0 = Debug|Any CPU
		{9739BF76-3334-429E-A588-C332C9DACA40}.Release|Any CPU.ActiveCfg = Release|Any CPU
		{9739BF76-3334-429E-A588-C332C9DACA40}.Release|Any CPU.Build.0 = Release|Any CPU
	EndGlobalSection
	GlobalSection(SolutionProperties) = preSolution
		HideSolutionNode = FALSE
	EndGlobalSection
	GlobalSection(ExtensibilityGlobals) = postSolution
		SolutionGuid = {86FDC32A-4FFC-4556-8A4D-EAFC7709F5A3}
	EndGlobalSection
EndGlobal
